{
  "requires": true,
  "lockfileVersion": 1,
  "dependencies": {
    "@angular-material-components/file-input": {
      "version": "6.0.0",
      "resolved": "https://registry.npmjs.org/@angular-material-components/file-input/-/file-input-6.0.0.tgz",
      "integrity": "sha512-Bm11jQWYGyHjsGaCjNDzL2p62Ax49NNkrB/8CwRNj6N/r8y162Cj5+QWrl099+kSLJ7HRwxJcXKEH5zxspOU4w==",
      "requires": {
        "tslib": "^2.1.0"
      }
    },
    "tslib": {
      "version": "2.3.1",
      "resolved": "https://registry.npmjs.org/tslib/-/tslib-2.3.1.tgz",
      "integrity": "sha512-77EbyPPpMz+FRFRuAFlWMtmgUWGe9UOG2Z25NqCwiIjRhOf5iKGuzSe5P2w1laq+FkRy4p+PCuVkJSGkzTEKVw=="
    }
  }
}
